<?xml version="1.0" encoding="utf-8"?>
<Project ToolsVersion="4.0" xmlns="http://schemas.microsoft.com/developer/msbuild/2003">
  <ItemGroup>
    <Filter Include="Source Files">
      <UniqueIdentifier>{4FC737F1-C7A5-4376-A066-2A32D752A2FF}</UniqueIdentifier>
      <Extensions>cpp;c;cc;cxx;def;odl;idl;hpj;bat;asm;asmx</Extensions>
    </Filter>
    <Filter Include="Header Files">
      <UniqueIdentifier>{93995380-89BD-4b04-88EB-625FBE52EBFB}</UniqueIdentifier>
      <Extensions>h;hpp;hxx;hm;inl;inc;xsd</Extensions>
    </Filter>
    <Filter Include="Resource Files">
      <UniqueIdentifier>{67DA6AB6-F800-4c08-8B7A-83BB121AAD01}</UniqueIdentifier>
      <Extensions>rc;ico;cur;bmp;dlg;rc2;rct;bin;rgs;gif;jpg;jpeg;jpe;resx;tiff;tif;png;wav</Extensions>
    </Filter>
  </ItemGroup>
  <ItemGroup>
    <ClCompile Include="src\3rdparty\libconfig\libconfigcpp.cc">
      <Filter>Source Files</Filter>
    </ClCompile>
    <ClCompile Include="src\3rdparty\libconfig\libconfig.c">
      <Filter>Source Files</Filter>
    </ClCompile>
    <ClCompile Include="src\3rdparty\libconfig\scanner.c">
      <Filter>Source Files</Filter>
    </ClCompile>
    <ClCompile Include="src\3rdparty\libconfig\grammar.c">
      <Filter>Source Files</Filter>
    </ClCompile>
    <ClCompile Include="src\3rdparty\libconfig\strbuf.c">
      <Filter>Source Files</Filter>
    </ClCompile>
    <ClCompile Include="src\3rdparty\libconfig\scanctx.c">
      <Filter>Source Files</Filter>
    </ClCompile>
    <ClCompile Include="src\3rdparty\cvblobs\BlobContour.cpp">
      <Filter>Source Files</Filter>
    </ClCompile>
    <ClCompile Include="src\3rdparty\cvblobs\ComponentLabeling.cpp">
      <Filter>Source Files</Filter>
    </ClCompile>
    <ClCompile Include="src\3rdparty\cvblobs\BlobProperties.cpp">
      <Filter>Source Files</Filter>
    </ClCompile>
    <ClCompile Include="src\3rdparty\cvblobs\BlobResult.cpp">
      <Filter>Source Files</Filter>
    </ClCompile>
    <ClCompile Include="src\3rdparty\cvblobs\blob.cpp">
      <Filter>Source Files</Filter>
    </ClCompile>
    <ClCompile Include="src\3rdparty\cvblobs\BlobOperators.cpp">
      <Filter>Source Files</Filter>
    </ClCompile>
    <ClCompile Include="src\libopentld\tld\MedianFlowTracker.cpp">
      <Filter>Source Files</Filter>
    </ClCompile>
    <ClCompile Include="src\libopentld\tld\DetectorCascade.cpp">
      <Filter>Source Files</Filter>
    </ClCompile>
    <ClCompile Include="src\libopentld\tld\EnsembleClassifier.cpp">
      <Filter>Source Files</Filter>
    </ClCompile>
    <ClCompile Include="src\libopentld\tld\DetectionResult.cpp">
      <Filter>Source Files</Filter>
    </ClCompile>
    <ClCompile Include="src\libopentld\tld\ForegroundDetector.cpp">
      <Filter>Source Files</Filter>
    </ClCompile>
    <ClCompile Include="src\libopentld\tld\NNClassifier.cpp">
      <Filter>Source Files</Filter>
    </ClCompile>
    <ClCompile Include="src\libopentld\tld\Clustering.cpp">
      <Filter>Source Files</Filter>
    </ClCompile>
    <ClCompile Include="src\libopentld\tld\TLD.cpp">
      <Filter>Source Files</Filter>
    </ClCompile>
    <ClCompile Include="src\libopentld\tld\TLDUtil.cpp">
      <Filter>Source Files</Filter>
    </ClCompile>
    <ClCompile Include="src\libopentld\tld\VarianceFilter.cpp">
      <Filter>Source Files</Filter>
    </ClCompile>
    <ClCompile Include="src\libopentld\imacq\ImAcq.cpp">
      <Filter>Source Files</Filter>
    </ClCompile>
    <ClCompile Include="src\libopentld\mftracker\BB.cpp">
      <Filter>Source Files</Filter>
    </ClCompile>
    <ClCompile Include="src\libopentld\mftracker\Median.cpp">
      <Filter>Source Files</Filter>
    </ClCompile>
    <ClCompile Include="src\libopentld\mftracker\FBTrack.cpp">
      <Filter>Source Files</Filter>
    </ClCompile>
    <ClCompile Include="src\libopentld\mftracker\BBPredict.cpp">
      <Filter>Source Files</Filter>
    </ClCompile>
    <ClCompile Include="src\libopentld\mftracker\Lk.cpp">
      <Filter>Source Files</Filter>
    </ClCompile>
    <ClCompile Include="src\opentld\QOpenTLD.cpp">
      <Filter>Source Files</Filter>
    </ClCompile>
    <ClCompile Include="src\opentld\OpenTLD.cpp">
      <Filter>Source Files</Filter>
    </ClCompile>
    <ClCompile Include="src\opentld\main\Main.cpp">
      <Filter>Source Files</Filter>
    </ClCompile>
    <ClCompile Include="src\opentld\main\Settings.cpp">
      <Filter>Source Files</Filter>
    </ClCompile>
    <ClCompile Include="src\opentld\main\Config.cpp">
      <Filter>Source Files</Filter>
    </ClCompile>
    <ClCompile Include="src\opentld\main\Gui.cpp">
      <Filter>Source Files</Filter>
    </ClCompile>
    <ClCompile Include="src\opentld\main\Trajectory.cpp">
      <Filter>Source Files</Filter>
    </ClCompile>
    <ClCompile Include="src\opentld\qopentld\ConfigDialog.cpp">
      <Filter>Source Files</Filter>
    </ClCompile>
  </ItemGroup>
  <ItemGroup>
    <ClInclude Include="src\3rdparty\libconfig\wincompat.h">
      <Filter>Header Files</Filter>
    </ClInclude>
    <ClInclude Include="src\3rdparty\libconfig\strbuf.h">
      <Filter>Header Files</Filter>
    </ClInclude>
    <ClInclude Include="src\3rdparty\libconfig\scanctx.h">
      <Filter>Header Files</Filter>
    </ClInclude>
    <ClInclude Include="src\3rdparty\libconfig\grammar.h">
      <Filter>Header Files</Filter>
    </ClInclude>
    <ClInclude Include="src\3rdparty\libconfig\parsectx.h">
      <Filter>Header Files</Filter>
    </ClInclude>
    <ClInclude Include="src\3rdparty\libconfig\libconfig.h">
      <Filter>Header Files</Filter>
    </ClInclude>
    <ClInclude Include="src\3rdparty\libconfig\scanner.h">
      <Filter>Header Files</Filter>
    </ClInclude>
    <ClInclude Include="src\3rdparty\cvblobs\BlobProperties.h">
      <Filter>Header Files</Filter>
    </ClInclude>
    <ClInclude Include="src\3rdparty\cvblobs\BlobOperators.h">
      <Filter>Header Files</Filter>
    </ClInclude>
    <ClInclude Include="src\3rdparty\cvblobs\blob.h">
      <Filter>Header Files</Filter>
    </ClInclude>
    <ClInclude Include="src\3rdparty\cvblobs\BlobContour.h">
      <Filter>Header Files</Filter>
    </ClInclude>
    <ClInclude Include="src\3rdparty\cvblobs\BlobLibraryConfiguration.h">
      <Filter>Header Files</Filter>
    </ClInclude>
    <ClInclude Include="src\3rdparty\cvblobs\ComponentLabeling.h">
      <Filter>Header Files</Filter>
    </ClInclude>
    <ClInclude Include="src\3rdparty\cvblobs\BlobResult.h">
      <Filter>Header Files</Filter>
    </ClInclude>
    <ClInclude Include="src\libopentld\tld\VarianceFilter.h">
      <Filter>Header Files</Filter>
    </ClInclude>
    <ClInclude Include="src\libopentld\tld\TLDUtil.h">
      <Filter>Header Files</Filter>
    </ClInclude>
    <ClInclude Include="src\libopentld\tld\NormalizedPatch.h">
      <Filter>Header Files</Filter>
    </ClInclude>
    <ClInclude Include="src\libopentld\tld\Clustering.h">
      <Filter>Header Files</Filter>
    </ClInclude>
    <ClInclude Include="src\libopentld\tld\DetectionResult.h">
      <Filter>Header Files</Filter>
    </ClInclude>
    <ClInclude Include="src\libopentld\tld\MedianFlowTracker.h">
      <Filter>Header Files</Filter>
    </ClInclude>
    <ClInclude Include="src\libopentld\tld\EnsembleClassifier.h">
      <Filter>Header Files</Filter>
    </ClInclude>
    <ClInclude Include="src\libopentld\tld\ForegroundDetector.h">
      <Filter>Header Files</Filter>
    </ClInclude>
    <ClInclude Include="src\libopentld\tld\DetectorCascade.h">
      <Filter>Header Files</Filter>
    </ClInclude>
    <ClInclude Include="src\libopentld\tld\TLD.h">
      <Filter>Header Files</Filter>
    </ClInclude>
    <ClInclude Include="src\libopentld\tld\IntegralImage.h">
      <Filter>Header Files</Filter>
    </ClInclude>
    <ClInclude Include="src\libopentld\tld\NNClassifier.h">
      <Filter>Header Files</Filter>
    </ClInclude>
    <ClInclude Include="src\libopentld\imacq\ImAcq.h">
      <Filter>Header Files</Filter>
    </ClInclude>
    <ClInclude Include="src\libopentld\mftracker\Median.h">
      <Filter>Header Files</Filter>
    </ClInclude>
    <ClInclude Include="src\libopentld\mftracker\BB.h">
      <Filter>Header Files</Filter>
    </ClInclude>
    <ClInclude Include="src\libopentld\mftracker\BBPredict.h">
      <Filter>Header Files</Filter>
    </ClInclude>
    <ClInclude Include="src\libopentld\mftracker\Lk.h">
      <Filter>Header Files</Filter>
    </ClInclude>
    <ClInclude Include="src\libopentld\mftracker\FBTrack.h">
      <Filter>Header Files</Filter>
    </ClInclude>
    <ClInclude Include="src\opentld\main\Settings.h">
      <Filter>Header Files</Filter>
    </ClInclude>
    <ClInclude Include="src\opentld\main\Gui.h">
      <Filter>Header Files</Filter>
    </ClInclude>
    <ClInclude Include="src\opentld\main\Main.h">
      <Filter>Header Files</Filter>
    </ClInclude>
    <ClInclude Include="src\opentld\main\Trajectory.h">
      <Filter>Header Files</Filter>
    </ClInclude>
    <ClInclude Include="src\opentld\main\Config.h">
      <Filter>Header Files</Filter>
    </ClInclude>
  </ItemGroup>
</Project>